github.com/brf-tech/filex/backend v0.44.2 h1:Udd6mk+leoKhGcO/OiFUbVk5h0Y63+cfMcKBGNrk8KU=
github.com/brf-tech/filex/backend v0.44.2/go.mod h1:ZskevmioLUUOPP8+eirwUFGbZwxXEQ/em3633PTJCp4=
github.com/extism/go-pdk v1.1.3 h1:hfViMPWrqjN6u67cIYRALZTZLk/enSPpNKa+rZ9X2SQ=
github.com/extism/go-pdk v1.1.3/go.mod h1:Gz+LIU/YCKnKXhgge8yo5Yu1F/lbv7KtKFkiCSzW/P4=
